<?xml version="1.0" encoding="utf-8"?>
<Project ToolsVersion="4.0" xmlns="http://schemas.microsoft.com/developer/msbuild/2003">
  <ItemGroup>
    <Filter Include="source">
      <UniqueIdentifier>{4FC737F1-C7A5-4376-A066-2A32D752A2FF}</UniqueIdentifier>
      <Extensions>cpp;c;cc;cxx;c++;cppm;ixx;def;odl;idl;hpj;bat;asm;asmx</Extensions>
    </Filter>
    <Filter Include="include">
      <UniqueIdentifier>{93995380-89BD-4b04-88EB-625FBE52EBFB}</UniqueIdentifier>
      <Extensions>h;hh;hpp;hxx;h++;hm;inl;inc;ipp;xsd</Extensions>
    </Filter>
    <Filter Include="source\core">
      <UniqueIdentifier>{8983a211-1a2c-4925-9778-ccbae01795ff}</UniqueIdentifier>
    </Filter>
    <Filter Include="source\sdk">
      <UniqueIdentifier>{06d0af0f-0a21-40ac-a7c6-3d7494001508}</UniqueIdentifier>
    </Filter>
    <Filter Include="source\sdk\datatypes">
      <UniqueIdentifier>{b5b7298f-1342-42b6-90d4-b2e8ea80dbef}</UniqueIdentifier>
    </Filter>
    <Filter Include="source\sdk\interfaces">
      <UniqueIdentifier>{e03063bc-9361-4cdb-a580-d2c607990ae2}</UniqueIdentifier>
    </Filter>
    <Filter Include="source\sdk\hash">
      <UniqueIdentifier>{7bdad4c7-7b18-4509-8b55-ddf008f7bd3d}</UniqueIdentifier>
    </Filter>
    <Filter Include="dependencies">
      <UniqueIdentifier>{a0744905-ab75-4b87-853a-a16362afa19d}</UniqueIdentifier>
    </Filter>
    <Filter Include="source\utilities">
      <UniqueIdentifier>{35613f0c-670a-468d-90e0-df03364b296f}</UniqueIdentifier>
    </Filter>
    <Filter Include="source\features">
      <UniqueIdentifier>{77798350-17e2-4154-bfff-d319a2a80f7b}</UniqueIdentifier>
    </Filter>
    <Filter Include="include\core">
      <UniqueIdentifier>{71286c19-ef36-4778-9d9b-e8e6251ced85}</UniqueIdentifier>
    </Filter>
    <Filter Include="include\sdk">
      <UniqueIdentifier>{dd64bfde-3b34-4f62-9b31-d7aa17780826}</UniqueIdentifier>
    </Filter>
    <Filter Include="include\sdk\datatypes">
      <UniqueIdentifier>{ce34e450-be63-424f-941a-8312edbed459}</UniqueIdentifier>
    </Filter>
    <Filter Include="include\sdk\interfaces">
      <UniqueIdentifier>{0aae1577-67a1-4486-ac98-c550e35e7949}</UniqueIdentifier>
    </Filter>
    <Filter Include="include\sdk\hash">
      <UniqueIdentifier>{aa38a93f-b834-4cb5-9450-550ab38a0a4b}</UniqueIdentifier>
    </Filter>
    <Filter Include="include\features">
      <UniqueIdentifier>{22e3e1d0-c5dc-43e0-bedc-cff3efd69f63}</UniqueIdentifier>
    </Filter>
    <Filter Include="include\utilities">
      <UniqueIdentifier>{a80fa4c5-dfd4-4c88-9989-4ad3b7df735a}</UniqueIdentifier>
    </Filter>
    <Filter Include="dependencies\imgui">
      <UniqueIdentifier>{ea448fb0-e719-473f-82d1-827e8afb07f6}</UniqueIdentifier>
    </Filter>
    <Filter Include="dependencies\imgui\win32">
      <UniqueIdentifier>{e835bbf6-a39e-4706-9fa9-a2dac98df383}</UniqueIdentifier>
    </Filter>
    <Filter Include="dependencies\imgui\dx9">
      <UniqueIdentifier>{aa4abcb2-ec04-45df-9862-12f1e4e43f62}</UniqueIdentifier>
    </Filter>
    <Filter Include="dependencies\imgui\cpp">
      <UniqueIdentifier>{d14b6998-f10a-4713-96b6-bc25abcd58cf}</UniqueIdentifier>
    </Filter>
    <Filter Include="resources">
      <UniqueIdentifier>{67DA6AB6-F800-4c08-8B7A-83BB121AAD01}</UniqueIdentifier>
      <Extensions>rc;ico;cur;bmp;dlg;rc2;rct;bin;rgs;gif;jpg;jpeg;jpe;resx;tiff;tif;png;wav;mfcribbon-ms</Extensions>
    </Filter>
    <Filter Include="dependencies\minhook">
      <UniqueIdentifier>{9a7d8517-403f-4af1-ade0-9b6fc51dfc19}</UniqueIdentifier>
    </Filter>
    <Filter Include="dependencies\minhook\hde">
      <UniqueIdentifier>{4665e928-c425-4804-9109-8c7795acd0e0}</UniqueIdentifier>
    </Filter>
    <Filter Include="source\utilities\memory">
      <UniqueIdentifier>{3c5a0994-81ba-42fa-90d4-74c3ea9c9898}</UniqueIdentifier>
    </Filter>
    <Filter Include="include\utilities\memory">
      <UniqueIdentifier>{7a8d7cc0-4654-4567-a048-64224bb1b5d4}</UniqueIdentifier>
    </Filter>
  </ItemGroup>
  <ItemGroup>
    <ClCompile Include="core\config.cpp">
      <Filter>source\core</Filter>
    </ClCompile>
    <ClCompile Include="core\hooks.cpp">
      <Filter>source\core</Filter>
    </ClCompile>
    <ClCompile Include="core\interfaces.cpp">
      <Filter>source\core</Filter>
    </ClCompile>
    <ClCompile Include="core\menu.cpp">
      <Filter>source\core</Filter>
    </ClCompile>
    <ClCompile Include="core\netvar.cpp">
      <Filter>source\core</Filter>
    </ClCompile>
    <ClCompile Include="features\antiaim.cpp">
      <Filter>source\features</Filter>
    </ClCompile>
    <ClCompile Include="features\autowall.cpp">
      <Filter>source\features</Filter>
    </ClCompile>
    <ClCompile Include="features\lagcompensation.cpp">
      <Filter>source\features</Filter>
    </ClCompile>
    <ClCompile Include="features\legitbot.cpp">
      <Filter>source\features</Filter>
    </ClCompile>
    <ClCompile Include="features\misc.cpp">
      <Filter>source\features</Filter>
    </ClCompile>
    <ClCompile Include="features\prediction.cpp">
      <Filter>source\features</Filter>
    </ClCompile>
    <ClCompile Include="features\ragebot.cpp">
      <Filter>source\features</Filter>
    </ClCompile>
    <ClCompile Include="features\resolver.cpp">
      <Filter>source\features</Filter>
    </ClCompile>
    <ClCompile Include="features\skinchanger.cpp">
      <Filter>source\features</Filter>
    </ClCompile>
    <ClCompile Include="features\triggerbot.cpp">
      <Filter>source\features</Filter>
    </ClCompile>
    <ClCompile Include="features\visuals.cpp">
      <Filter>source\features</Filter>
    </ClCompile>
    <ClCompile Include="utilities\draw.cpp">
      <Filter>source\utilities</Filter>
    </ClCompile>
    <ClCompile Include="utilities\entitylistener.cpp">
      <Filter>source\utilities</Filter>
    </ClCompile>
    <ClCompile Include="utilities\eventlistener.cpp">
      <Filter>source\utilities</Filter>
    </ClCompile>
    <ClCompile Include="utilities\inputsystem.cpp">
      <Filter>source\utilities</Filter>
    </ClCompile>
    <ClCompile Include="utilities\logging.cpp">
      <Filter>source\utilities</Filter>
    </ClCompile>
    <ClCompile Include="utilities\math.cpp">
      <Filter>source\utilities</Filter>
    </ClCompile>
    <ClCompile Include="sdk\hash\crc32.cpp">
      <Filter>source\sdk\hash</Filter>
    </ClCompile>
    <ClCompile Include="sdk\hash\md5.cpp">
      <Filter>source\sdk\hash</Filter>
    </ClCompile>
    <ClCompile Include="sdk\convar.cpp">
      <Filter>source\sdk</Filter>
    </ClCompile>
    <ClCompile Include="sdk\entity.cpp">
      <Filter>source\sdk</Filter>
    </ClCompile>
    <ClCompile Include="..\dependencies\imgui\imgui.cpp">
      <Filter>dependencies\imgui</Filter>
    </ClCompile>
    <ClCompile Include="..\dependencies\imgui\imgui_draw.cpp">
      <Filter>dependencies\imgui</Filter>
    </ClCompile>
    <ClCompile Include="..\dependencies\imgui\imgui_freetype.cpp">
      <Filter>dependencies\imgui</Filter>
    </ClCompile>
    <ClCompile Include="..\dependencies\imgui\imgui_widgets.cpp">
      <Filter>dependencies\imgui</Filter>
    </ClCompile>
    <ClCompile Include="..\dependencies\imgui\dx9\imgui_impl_dx9.cpp">
      <Filter>dependencies\imgui\dx9</Filter>
    </ClCompile>
    <ClCompile Include="..\dependencies\imgui\win32\imgui_impl_win32.cpp">
      <Filter>dependencies\imgui\win32</Filter>
    </ClCompile>
    <ClCompile Include="..\dependencies\imgui\cpp\imgui_stdlib.cpp">
      <Filter>dependencies\imgui\cpp</Filter>
    </ClCompile>
    <ClCompile Include="..\dependencies\minhook\buffer.c">
      <Filter>dependencies\minhook</Filter>
    </ClCompile>
    <ClCompile Include="..\dependencies\minhook\hook.c">
      <Filter>dependencies\minhook</Filter>
    </ClCompile>
    <ClCompile Include="..\dependencies\minhook\trampoline.c">
      <Filter>dependencies\minhook</Filter>
    </ClCompile>
    <ClCompile Include="..\dependencies\minhook\hde\hde32.c">
      <Filter>dependencies\minhook\hde</Filter>
    </ClCompile>
    <ClCompile Include="..\dependencies\minhook\hde\hde64.c">
      <Filter>dependencies\minhook\hde</Filter>
    </ClCompile>
    <ClCompile Include="core.cpp">
      <Filter>source</Filter>
    </ClCompile>
    <ClCompile Include="utilities.cpp">
      <Filter>source</Filter>
    </ClCompile>
    <ClCompile Include="utilities\memory.cpp">
      <Filter>source\utilities</Filter>
    </ClCompile>
    <ClCompile Include="sdk\datatypes\keyvalues.cpp">
      <Filter>source\sdk\datatypes</Filter>
    </ClCompile>
  </ItemGroup>
  <ItemGroup>
    <ClInclude Include="core\config.h">
      <Filter>include\core</Filter>
    </ClInclude>
    <ClInclude Include="core\hooks.h">
      <Filter>include\core</Filter>
    </ClInclude>
    <ClInclude Include="core\interfaces.h">
      <Filter>include\core</Filter>
    </ClInclude>
    <ClInclude Include="core\menu.h">
      <Filter>include\core</Filter>
    </ClInclude>
    <ClInclude Include="core\netvar.h">
      <Filter>include\core</Filter>
    </ClInclude>
    <ClInclude Include="core\variables.h">
      <Filter>include\core</Filter>
    </ClInclude>
    <ClInclude Include="features\antiaim.h">
      <Filter>include\features</Filter>
    </ClInclude>
    <ClInclude Include="features\autowall.h">
      <Filter>include\features</Filter>
    </ClInclude>
    <ClInclude Include="features\lagcompensation.h">
      <Filter>include\features</Filter>
    </ClInclude>
    <ClInclude Include="features\legitbot.h">
      <Filter>include\features</Filter>
    </ClInclude>
    <ClInclude Include="features\misc.h">
      <Filter>include\features</Filter>
    </ClInclude>
    <ClInclude Include="features\prediction.h">
      <Filter>include\features</Filter>
    </ClInclude>
    <ClInclude Include="features\ragebot.h">
      <Filter>include\features</Filter>
    </ClInclude>
    <ClInclude Include="features\resolver.h">
      <Filter>include\features</Filter>
    </ClInclude>
    <ClInclude Include="features\skinchanger.h">
      <Filter>include\features</Filter>
    </ClInclude>
    <ClInclude Include="features\triggerbot.h">
      <Filter>include\features</Filter>
    </ClInclude>
    <ClInclude Include="features\visuals.h">
      <Filter>include\features</Filter>
    </ClInclude>
    <ClInclude Include="utilities\detourhook.h">
      <Filter>include\utilities</Filter>
    </ClInclude>
    <ClInclude Include="utilities\draw.h">
      <Filter>include\utilities</Filter>
    </ClInclude>
    <ClInclude Include="utilities\entitylistener.h">
      <Filter>include\utilities</Filter>
    </ClInclude>
    <ClInclude Include="utilities\eventlistener.h">
      <Filter>include\utilities</Filter>
    </ClInclude>
    <ClInclude Include="utilities\inputsystem.h">
      <Filter>include\utilities</Filter>
    </ClInclude>
    <ClInclude Include="utilities\logging.h">
      <Filter>include\utilities</Filter>
    </ClInclude>
    <ClInclude Include="utilities\math.h">
      <Filter>include\utilities</Filter>
    </ClInclude>
    <ClInclude Include="utilities\xorstr.h">
      <Filter>include\utilities</Filter>
    </ClInclude>
    <ClInclude Include="sdk\datatypes\color.h">
      <Filter>include\sdk\datatypes</Filter>
    </ClInclude>
    <ClInclude Include="sdk\datatypes\datamap.h">
      <Filter>include\sdk\datatypes</Filter>
    </ClInclude>
    <ClInclude Include="sdk\datatypes\datatable.h">
      <Filter>include\sdk\datatypes</Filter>
    </ClInclude>
    <ClInclude Include="sdk\datatypes\keyvalues.h">
      <Filter>include\sdk\datatypes</Filter>
    </ClInclude>
    <ClInclude Include="sdk\datatypes\matrix.h">
      <Filter>include\sdk\datatypes</Filter>
    </ClInclude>
    <ClInclude Include="sdk\datatypes\qangle.h">
      <Filter>include\sdk\datatypes</Filter>
    </ClInclude>
    <ClInclude Include="sdk\datatypes\usercmd.h">
      <Filter>include\sdk\datatypes</Filter>
    </ClInclude>
    <ClInclude Include="sdk\datatypes\utlmemory.h">
      <Filter>include\sdk\datatypes</Filter>
    </ClInclude>
    <ClInclude Include="sdk\datatypes\utlstack.h">
      <Filter>include\sdk\datatypes</Filter>
    </ClInclude>
    <ClInclude Include="sdk\datatypes\utlvector.h">
      <Filter>include\sdk\datatypes</Filter>
    </ClInclude>
    <ClInclude Include="sdk\datatypes\vector.h">
      <Filter>include\sdk\datatypes</Filter>
    </ClInclude>
    <ClInclude Include="sdk\interfaces\ibaseclientdll.h">
      <Filter>include\sdk\interfaces</Filter>
    </ClInclude>
    <ClInclude Include="sdk\interfaces\icliententitylist.h">
      <Filter>include\sdk\interfaces</Filter>
    </ClInclude>
    <ClInclude Include="sdk\interfaces\iclientmodeshared.h">
      <Filter>include\sdk\interfaces</Filter>
    </ClInclude>
    <ClInclude Include="sdk\interfaces\iconvar.h">
      <Filter>include\sdk\interfaces</Filter>
    </ClInclude>
    <ClInclude Include="sdk\interfaces\ieffects.h">
      <Filter>include\sdk\interfaces</Filter>
    </ClInclude>
    <ClInclude Include="sdk\interfaces\iengineclient.h">
      <Filter>include\sdk\interfaces</Filter>
    </ClInclude>
    <ClInclude Include="sdk\interfaces\ienginesound.h">
      <Filter>include\sdk\interfaces</Filter>
    </ClInclude>
    <ClInclude Include="sdk\interfaces\ienginetrace.h">
      <Filter>include\sdk\interfaces</Filter>
    </ClInclude>
    <ClInclude Include="sdk\interfaces\ienginevgui.h">
      <Filter>include\sdk\interfaces</Filter>
    </ClInclude>
    <ClInclude Include="sdk\interfaces\igameconsole.h">
      <Filter>include\sdk\interfaces</Filter>
    </ClInclude>
    <ClInclude Include="sdk\interfaces\igameeventmanager.h">
      <Filter>include\sdk\interfaces</Filter>
    </ClInclude>
    <ClInclude Include="sdk\interfaces\igametypes.h">
      <Filter>include\sdk\interfaces</Filter>
    </ClInclude>
    <ClInclude Include="sdk\interfaces\igameui.h">
      <Filter>include\sdk\interfaces</Filter>
    </ClInclude>
    <ClInclude Include="sdk\interfaces\iglobalvars.h">
      <Filter>include\sdk\interfaces</Filter>
    </ClInclude>
    <ClInclude Include="sdk\interfaces\iglowmanager.h">
      <Filter>include\sdk\interfaces</Filter>
    </ClInclude>
    <ClInclude Include="sdk\interfaces\iinput.h">
      <Filter>include\sdk\interfaces</Filter>
    </ClInclude>
    <ClInclude Include="sdk\interfaces\iinputsystem.h">
      <Filter>include\sdk\interfaces</Filter>
    </ClInclude>
    <ClInclude Include="sdk\interfaces\ilocalize.h">
      <Filter>include\sdk\interfaces</Filter>
    </ClInclude>
    <ClInclude Include="sdk\interfaces\imatchframework.h">
      <Filter>include\sdk\interfaces</Filter>
    </ClInclude>
    <ClInclude Include="sdk\interfaces\imaterial.h">
      <Filter>include\sdk\interfaces</Filter>
    </ClInclude>
    <ClInclude Include="sdk\interfaces\imaterialsystem.h">
      <Filter>include\sdk\interfaces</Filter>
    </ClInclude>
    <ClInclude Include="sdk\interfaces\imatrendercontext.h">
      <Filter>include\sdk\interfaces</Filter>
    </ClInclude>
    <ClInclude Include="sdk\interfaces\imdlcache.h">
      <Filter>include\sdk\interfaces</Filter>
    </ClInclude>
    <ClInclude Include="sdk\interfaces\imemalloc.h">
      <Filter>include\sdk\interfaces</Filter>
    </ClInclude>
    <ClInclude Include="sdk\interfaces\inetchannel.h">
      <Filter>include\sdk\interfaces</Filter>
    </ClInclude>
    <ClInclude Include="sdk\interfaces\inetworkstring.h">
      <Filter>include\sdk\interfaces</Filter>
    </ClInclude>
    <ClInclude Include="sdk\interfaces\iphysicssurfaceprops.h">
      <Filter>include\sdk\interfaces</Filter>
    </ClInclude>
    <ClInclude Include="sdk\interfaces\iprediction.h">
      <Filter>include\sdk\interfaces</Filter>
    </ClInclude>
    <ClInclude Include="sdk\interfaces\irefcount.h">
      <Filter>include\sdk\interfaces</Filter>
    </ClInclude>
    <ClInclude Include="sdk\interfaces\iservergamedll.h">
      <Filter>include\sdk\interfaces</Filter>
    </ClInclude>
    <ClInclude Include="sdk\interfaces\isteamclient.h">
      <Filter>include\sdk\interfaces</Filter>
    </ClInclude>
    <ClInclude Include="sdk\interfaces\isteamgamecoordinator.h">
      <Filter>include\sdk\interfaces</Filter>
    </ClInclude>
    <ClInclude Include="sdk\interfaces\istudiorender.h">
      <Filter>include\sdk\interfaces</Filter>
    </ClInclude>
    <ClInclude Include="sdk\interfaces\isurface.h">
      <Filter>include\sdk\interfaces</Filter>
    </ClInclude>
    <ClInclude Include="sdk\interfaces\itexture.h">
      <Filter>include\sdk\interfaces</Filter>
    </ClInclude>
    <ClInclude Include="sdk\interfaces\ivdebugoverlay.h">
      <Filter>include\sdk\interfaces</Filter>
    </ClInclude>
    <ClInclude Include="sdk\interfaces\ivengineeffects.h">
      <Filter>include\sdk\interfaces</Filter>
    </ClInclude>
    <ClInclude Include="sdk\interfaces\iviewrender.h">
      <Filter>include\sdk\interfaces</Filter>
    </ClInclude>
    <ClInclude Include="sdk\interfaces\iviewrenderbeams.h">
      <Filter>include\sdk\interfaces</Filter>
    </ClInclude>
    <ClInclude Include="sdk\interfaces\ivmodelinfo.h">
      <Filter>include\sdk\interfaces</Filter>
    </ClInclude>
    <ClInclude Include="sdk\interfaces\ivmodelrender.h">
      <Filter>include\sdk\interfaces</Filter>
    </ClInclude>
    <ClInclude Include="sdk\interfaces\ivpanel.h">
      <Filter>include\sdk\interfaces</Filter>
    </ClInclude>
    <ClInclude Include="sdk\interfaces\ivrenderview.h">
      <Filter>include\sdk\interfaces</Filter>
    </ClInclude>
    <ClInclude Include="sdk\interfaces\iweaponsystem.h">
      <Filter>include\sdk\interfaces</Filter>
    </ClInclude>
    <ClInclude Include="sdk\hash\crc32.h">
      <Filter>include\sdk\hash</Filter>
    </ClInclude>
    <ClInclude Include="sdk\hash\fnv1a.h">
      <Filter>include\sdk\hash</Filter>
    </ClInclude>
    <ClInclude Include="sdk\hash\md5.h">
      <Filter>include\sdk\hash</Filter>
    </ClInclude>
    <ClInclude Include="..\dependencies\imgui\imconfig.h">
      <Filter>dependencies\imgui</Filter>
    </ClInclude>
    <ClInclude Include="..\dependencies\imgui\imgui.h">
      <Filter>dependencies\imgui</Filter>
    </ClInclude>
    <ClInclude Include="..\dependencies\imgui\imgui_freetype.h">
      <Filter>dependencies\imgui</Filter>
    </ClInclude>
    <ClInclude Include="..\dependencies\imgui\imgui_internal.h">
      <Filter>dependencies\imgui</Filter>
    </ClInclude>
    <ClInclude Include="..\dependencies\imgui\imstb_rectpack.h">
      <Filter>dependencies\imgui</Filter>
    </ClInclude>
    <ClInclude Include="..\dependencies\imgui\imstb_textedit.h">
      <Filter>dependencies\imgui</Filter>
    </ClInclude>
    <ClInclude Include="..\dependencies\imgui\imstb_truetype.h">
      <Filter>dependencies\imgui</Filter>
    </ClInclude>
    <ClInclude Include="..\dependencies\imgui\dx9\imgui_impl_dx9.h">
      <Filter>dependencies\imgui\dx9</Filter>
    </ClInclude>
    <ClInclude Include="..\dependencies\imgui\win32\imgui_impl_win32.h">
      <Filter>dependencies\imgui\win32</Filter>
    </ClInclude>
    <ClInclude Include="..\dependencies\imgui\cpp\imgui_stdlib.h">
      <Filter>dependencies\imgui\cpp</Filter>
    </ClInclude>
    <ClInclude Include="..\resources\qo0icons.h">
      <Filter>resources</Filter>
    </ClInclude>
    <ClInclude Include="..\resources\smallest_pixel.h">
      <Filter>resources</Filter>
    </ClInclude>
    <ClInclude Include="..\resources\whitney.h">
      <Filter>resources</Filter>
    </ClInclude>
    <ClInclude Include="..\dependencies\minhook\buffer.h">
      <Filter>dependencies\minhook</Filter>
    </ClInclude>
    <ClInclude Include="..\dependencies\minhook\minhook.h">
      <Filter>dependencies\minhook</Filter>
    </ClInclude>
    <ClInclude Include="..\dependencies\minhook\trampoline.h">
      <Filter>dependencies\minhook</Filter>
    </ClInclude>
    <ClInclude Include="..\dependencies\minhook\hde\hde32.h">
      <Filter>dependencies\minhook\hde</Filter>
    </ClInclude>
    <ClInclude Include="..\dependencies\minhook\hde\hde64.h">
      <Filter>dependencies\minhook\hde</Filter>
    </ClInclude>
    <ClInclude Include="..\dependencies\minhook\hde\pstdint.h">
      <Filter>dependencies\minhook\hde</Filter>
    </ClInclude>
    <ClInclude Include="..\dependencies\minhook\hde\table32.h">
      <Filter>dependencies\minhook\hde</Filter>
    </ClInclude>
    <ClInclude Include="..\dependencies\minhook\hde\table64.h">
      <Filter>dependencies\minhook\hde</Filter>
    </ClInclude>
    <ClInclude Include="common.h">
      <Filter>include</Filter>
    </ClInclude>
    <ClInclude Include="global.h">
      <Filter>include</Filter>
    </ClInclude>
    <ClInclude Include="utilities.h">
      <Filter>include</Filter>
    </ClInclude>
    <ClInclude Include="utilities\memory\pe32.h">
      <Filter>include\utilities\memory</Filter>
    </ClInclude>
    <ClInclude Include="utilities\memory.h">
      <Filter>include\utilities</Filter>
    </ClInclude>
    <ClInclude Include="sdk\interfaces\ikeyvaluessystem.h">
      <Filter>include\sdk\interfaces</Filter>
    </ClInclude>
  </ItemGroup>
</Project>