<?xml version="1.0" encoding="utf-8"?>
<Project ToolsVersion="4.0" xmlns="http://schemas.microsoft.com/developer/msbuild/2003">
  <ItemGroup>
    <Filter Include="source">
      <UniqueIdentifier>{4FC737F1-C7A5-4376-A066-2A32D752A2FF}</UniqueIdentifier>
      <Extensions>cpp;c;cc;cxx;def;odl;idl;hpj;bat;asm;asmx</Extensions>
    </Filter>
    <Filter Include="include">
      <UniqueIdentifier>{93995380-89BD-4b04-88EB-625FBE52EBFB}</UniqueIdentifier>
      <Extensions>h;hh;hpp;hxx;hm;inl;inc;ipp;xsd</Extensions>
    </Filter>
    <Filter Include="source\core">
      <UniqueIdentifier>{95adf213-8120-4314-b6ee-00dc399cb9e3}</UniqueIdentifier>
    </Filter>
    <Filter Include="include\core">
      <UniqueIdentifier>{51bcbe05-2f2a-4fca-9c70-0624888cc783}</UniqueIdentifier>
    </Filter>
    <Filter Include="source\features">
      <UniqueIdentifier>{790b4329-5280-411f-a84b-4fd3ccf55696}</UniqueIdentifier>
    </Filter>
    <Filter Include="include\features">
      <UniqueIdentifier>{ce5d8a0b-22ac-4e80-987f-d0eaf6eae7cc}</UniqueIdentifier>
    </Filter>
    <Filter Include="source\utilities">
      <UniqueIdentifier>{e7220a5b-7083-451b-8a0f-1c9dd44f9f3a}</UniqueIdentifier>
    </Filter>
    <Filter Include="source\sdk">
      <UniqueIdentifier>{fcce860c-531a-42a0-916f-ccb039a4f702}</UniqueIdentifier>
    </Filter>
    <Filter Include="include\utilities">
      <UniqueIdentifier>{8b170de2-3dfe-48e0-a0b3-b10768fcde9a}</UniqueIdentifier>
    </Filter>
    <Filter Include="include\sdk">
      <UniqueIdentifier>{bdcd1cfd-7d7b-48ba-8e34-22c01ee3821a}</UniqueIdentifier>
    </Filter>
    <Filter Include="include\sdk\interfaces">
      <UniqueIdentifier>{4e1f6f84-a611-49ec-a320-e3d58c4f6161}</UniqueIdentifier>
    </Filter>
    <Filter Include="include\sdk\hash">
      <UniqueIdentifier>{73a2b321-ec1f-457a-a0f1-5bdfa0f5242e}</UniqueIdentifier>
    </Filter>
    <Filter Include="source\sdk\hash">
      <UniqueIdentifier>{3eb96054-4839-418a-a07e-d5eb65813dd3}</UniqueIdentifier>
    </Filter>
    <Filter Include="include\sdk\datatypes">
      <UniqueIdentifier>{702c9012-431f-4cdc-b73a-2134d757afa9}</UniqueIdentifier>
    </Filter>
    <Filter Include="resources">
      <UniqueIdentifier>{67DA6AB6-F800-4c08-8B7A-83BB121AAD01}</UniqueIdentifier>
      <Extensions>rc;ico;cur;bmp;dlg;rc2;rct;bin;rgs;gif;jpg;jpeg;jpe;resx;tiff;tif;png;wav;mfcribbon-ms</Extensions>
    </Filter>
    <Filter Include="dependencies">
      <UniqueIdentifier>{0fbd9190-d7c3-406e-a957-d4b77371774e}</UniqueIdentifier>
    </Filter>
    <Filter Include="dependencies\imgui">
      <UniqueIdentifier>{56ad275b-2ab6-4e80-ab57-485f6d44b3a4}</UniqueIdentifier>
    </Filter>
    <Filter Include="dependencies\imgui\dx9">
      <UniqueIdentifier>{d326db92-9f48-490c-843b-c5cd2b7fe414}</UniqueIdentifier>
    </Filter>
    <Filter Include="dependencies\imgui\win32">
      <UniqueIdentifier>{e145f36a-12ab-4970-b9cf-bf1fb16ba5e5}</UniqueIdentifier>
    </Filter>
    <Filter Include="dependencies\imgui\cpp">
      <UniqueIdentifier>{137dfe80-cdec-46c1-9e1b-26d7bb0e824f}</UniqueIdentifier>
    </Filter>
    <Filter Include="dependencies\minhook">
      <UniqueIdentifier>{10c62b2d-fe6c-4a2d-8148-dfe3eaae92ab}</UniqueIdentifier>
    </Filter>
    <Filter Include="dependencies\minhook\hde32">
      <UniqueIdentifier>{82bdec15-33f0-4f4f-bba3-8d0df172e74b}</UniqueIdentifier>
    </Filter>
  </ItemGroup>
  <ItemGroup>
    <ClInclude Include="features\antiaim.h">
      <Filter>include\features</Filter>
    </ClInclude>
    <ClInclude Include="features\lagcompensation.h">
      <Filter>include\features</Filter>
    </ClInclude>
    <ClInclude Include="features\legitbot.h">
      <Filter>include\features</Filter>
    </ClInclude>
    <ClInclude Include="features\ragebot.h">
      <Filter>include\features</Filter>
    </ClInclude>
    <ClInclude Include="features\resolver.h">
      <Filter>include\features</Filter>
    </ClInclude>
    <ClInclude Include="features\skinchanger.h">
      <Filter>include\features</Filter>
    </ClInclude>
    <ClInclude Include="features\triggerbot.h">
      <Filter>include\features</Filter>
    </ClInclude>
    <ClInclude Include="features\visuals.h">
      <Filter>include\features</Filter>
    </ClInclude>
    <ClInclude Include="core\variables.h">
      <Filter>include\core</Filter>
    </ClInclude>
    <ClInclude Include="core\menu.h">
      <Filter>include\core</Filter>
    </ClInclude>
    <ClInclude Include="core\interfaces.h">
      <Filter>include\core</Filter>
    </ClInclude>
    <ClInclude Include="core\hooks.h">
      <Filter>include\core</Filter>
    </ClInclude>
    <ClInclude Include="sdk\definitions.h">
      <Filter>include\sdk</Filter>
    </ClInclude>
    <ClInclude Include="sdk\entity.h">
      <Filter>include\sdk</Filter>
    </ClInclude>
    <ClInclude Include="utilities\draw.h">
      <Filter>include\utilities</Filter>
    </ClInclude>
    <ClInclude Include="utilities\eventlistener.h">
      <Filter>include\utilities</Filter>
    </ClInclude>
    <ClInclude Include="utilities\math.h">
      <Filter>include\utilities</Filter>
    </ClInclude>
    <ClInclude Include="utilities\xorstr.h">
      <Filter>include\utilities</Filter>
    </ClInclude>
    <ClInclude Include="features\autowall.h">
      <Filter>include\features</Filter>
    </ClInclude>
    <ClInclude Include="common.h">
      <Filter>include</Filter>
    </ClInclude>
    <ClInclude Include="global.h">
      <Filter>include</Filter>
    </ClInclude>
    <ClInclude Include="utilities.h">
      <Filter>include</Filter>
    </ClInclude>
    <ClInclude Include="sdk\interfaces\ibaseclientdll.h">
      <Filter>include\sdk\interfaces</Filter>
    </ClInclude>
    <ClInclude Include="sdk\interfaces\icliententitylist.h">
      <Filter>include\sdk\interfaces</Filter>
    </ClInclude>
    <ClInclude Include="sdk\interfaces\iclientmodeshared.h">
      <Filter>include\sdk\interfaces</Filter>
    </ClInclude>
    <ClInclude Include="sdk\interfaces\ieffects.h">
      <Filter>include\sdk\interfaces</Filter>
    </ClInclude>
    <ClInclude Include="sdk\interfaces\iengineclient.h">
      <Filter>include\sdk\interfaces</Filter>
    </ClInclude>
    <ClInclude Include="sdk\interfaces\ienginesound.h">
      <Filter>include\sdk\interfaces</Filter>
    </ClInclude>
    <ClInclude Include="sdk\interfaces\ienginetrace.h">
      <Filter>include\sdk\interfaces</Filter>
    </ClInclude>
    <ClInclude Include="sdk\interfaces\ienginevgui.h">
      <Filter>include\sdk\interfaces</Filter>
    </ClInclude>
    <ClInclude Include="sdk\interfaces\igameconsole.h">
      <Filter>include\sdk\interfaces</Filter>
    </ClInclude>
    <ClInclude Include="sdk\interfaces\igameeventmanager.h">
      <Filter>include\sdk\interfaces</Filter>
    </ClInclude>
    <ClInclude Include="sdk\interfaces\igameui.h">
      <Filter>include\sdk\interfaces</Filter>
    </ClInclude>
    <ClInclude Include="sdk\interfaces\iinput.h">
      <Filter>include\sdk\interfaces</Filter>
    </ClInclude>
    <ClInclude Include="sdk\interfaces\iinputsystem.h">
      <Filter>include\sdk\interfaces</Filter>
    </ClInclude>
    <ClInclude Include="sdk\interfaces\ilocalize.h">
      <Filter>include\sdk\interfaces</Filter>
    </ClInclude>
    <ClInclude Include="sdk\interfaces\imaterialsystem.h">
      <Filter>include\sdk\interfaces</Filter>
    </ClInclude>
    <ClInclude Include="sdk\interfaces\imdlcache.h">
      <Filter>include\sdk\interfaces</Filter>
    </ClInclude>
    <ClInclude Include="sdk\interfaces\imemalloc.h">
      <Filter>include\sdk\interfaces</Filter>
    </ClInclude>
    <ClInclude Include="sdk\interfaces\inetchannel.h">
      <Filter>include\sdk\interfaces</Filter>
    </ClInclude>
    <ClInclude Include="sdk\interfaces\inetworkstring.h">
      <Filter>include\sdk\interfaces</Filter>
    </ClInclude>
    <ClInclude Include="sdk\interfaces\iphysicssurfaceprops.h">
      <Filter>include\sdk\interfaces</Filter>
    </ClInclude>
    <ClInclude Include="sdk\interfaces\iprediction.h">
      <Filter>include\sdk\interfaces</Filter>
    </ClInclude>
    <ClInclude Include="sdk\interfaces\isteamclient.h">
      <Filter>include\sdk\interfaces</Filter>
    </ClInclude>
    <ClInclude Include="sdk\interfaces\isteamgamecoordinator.h">
      <Filter>include\sdk\interfaces</Filter>
    </ClInclude>
    <ClInclude Include="sdk\interfaces\istudiorender.h">
      <Filter>include\sdk\interfaces</Filter>
    </ClInclude>
    <ClInclude Include="sdk\interfaces\isurface.h">
      <Filter>include\sdk\interfaces</Filter>
    </ClInclude>
    <ClInclude Include="sdk\interfaces\ivdebugoverlay.h">
      <Filter>include\sdk\interfaces</Filter>
    </ClInclude>
    <ClInclude Include="sdk\interfaces\ivengineeffects.h">
      <Filter>include\sdk\interfaces</Filter>
    </ClInclude>
    <ClInclude Include="sdk\interfaces\iviewrenderbeams.h">
      <Filter>include\sdk\interfaces</Filter>
    </ClInclude>
    <ClInclude Include="sdk\interfaces\ivmodelinfo.h">
      <Filter>include\sdk\interfaces</Filter>
    </ClInclude>
    <ClInclude Include="sdk\interfaces\ivmodelrender.h">
      <Filter>include\sdk\interfaces</Filter>
    </ClInclude>
    <ClInclude Include="sdk\interfaces\ivpanel.h">
      <Filter>include\sdk\interfaces</Filter>
    </ClInclude>
    <ClInclude Include="sdk\interfaces\ivrenderview.h">
      <Filter>include\sdk\interfaces</Filter>
    </ClInclude>
    <ClInclude Include="sdk\interfaces\iservergamedll.h">
      <Filter>include\sdk\interfaces</Filter>
    </ClInclude>
    <ClInclude Include="sdk\interfaces\iglowmanager.h">
      <Filter>include\sdk\interfaces</Filter>
    </ClInclude>
    <ClInclude Include="sdk\interfaces\imatchframework.h">
      <Filter>include\sdk\interfaces</Filter>
    </ClInclude>
    <ClInclude Include="sdk\interfaces\iconvar.h">
      <Filter>include\sdk\interfaces</Filter>
    </ClInclude>
    <ClInclude Include="sdk\hash\crc32.h">
      <Filter>include\sdk\hash</Filter>
    </ClInclude>
    <ClInclude Include="sdk\hash\md5.h">
      <Filter>include\sdk\hash</Filter>
    </ClInclude>
    <ClInclude Include="sdk\datatypes\datamap.h">
      <Filter>include\sdk\datatypes</Filter>
    </ClInclude>
    <ClInclude Include="sdk\datatypes\matrix.h">
      <Filter>include\sdk\datatypes</Filter>
    </ClInclude>
    <ClInclude Include="sdk\datatypes\color.h">
      <Filter>include\sdk\datatypes</Filter>
    </ClInclude>
    <ClInclude Include="sdk\datatypes\qangle.h">
      <Filter>include\sdk\datatypes</Filter>
    </ClInclude>
    <ClInclude Include="sdk\datatypes\vector.h">
      <Filter>include\sdk\datatypes</Filter>
    </ClInclude>
    <ClInclude Include="sdk\animations.h">
      <Filter>include\sdk</Filter>
    </ClInclude>
    <ClInclude Include="sdk\bspflags.h">
      <Filter>include\sdk</Filter>
    </ClInclude>
    <ClInclude Include="sdk\datatypes\usercmd.h">
      <Filter>include\sdk\datatypes</Filter>
    </ClInclude>
    <ClInclude Include="sdk\datatypes\utlmemory.h">
      <Filter>include\sdk\datatypes</Filter>
    </ClInclude>
    <ClInclude Include="sdk\datatypes\utlvector.h">
      <Filter>include\sdk\datatypes</Filter>
    </ClInclude>
    <ClInclude Include="sdk\datatypes\keyvalues.h">
      <Filter>include\sdk\datatypes</Filter>
    </ClInclude>
    <ClInclude Include="sdk\hash\fnv1a.h">
      <Filter>include\sdk\hash</Filter>
    </ClInclude>
    <ClInclude Include="sdk\convar.h">
      <Filter>include\sdk</Filter>
    </ClInclude>
    <ClInclude Include="..\resources\qo0icons.h">
      <Filter>resources</Filter>
    </ClInclude>
    <ClInclude Include="..\resources\smallest_pixel.h">
      <Filter>resources</Filter>
    </ClInclude>
    <ClInclude Include="..\resources\whitney.h">
      <Filter>resources</Filter>
    </ClInclude>
    <ClInclude Include="utilities\logging.h">
      <Filter>include\utilities</Filter>
    </ClInclude>
    <ClInclude Include="utilities\inputsystem.h">
      <Filter>include\utilities</Filter>
    </ClInclude>
    <ClInclude Include="sdk\bitbuf.h">
      <Filter>include\sdk</Filter>
    </ClInclude>
    <ClInclude Include="utilities\entitylistener.h">
      <Filter>include\utilities</Filter>
    </ClInclude>
    <ClInclude Include="sdk\interfaces\iweaponsystem.h">
      <Filter>include\sdk\interfaces</Filter>
    </ClInclude>
    <ClInclude Include="utilities\memory.h">
      <Filter>include\utilities</Filter>
    </ClInclude>
    <ClInclude Include="sdk\interfaces\imatrendercontext.h">
      <Filter>include\sdk\interfaces</Filter>
    </ClInclude>
    <ClInclude Include="sdk\interfaces\itexture.h">
      <Filter>include\sdk\interfaces</Filter>
    </ClInclude>
    <ClInclude Include="core\config.h">
      <Filter>include\core</Filter>
    </ClInclude>
    <ClInclude Include="sdk\datatypes\datatable.h">
      <Filter>include\sdk\datatypes</Filter>
    </ClInclude>
    <ClInclude Include="core\netvar.h">
      <Filter>include\core</Filter>
    </ClInclude>
    <ClInclude Include="sdk\interfaces\irefcount.h">
      <Filter>include\sdk\interfaces</Filter>
    </ClInclude>
    <ClInclude Include="features\prediction.h">
      <Filter>include\features</Filter>
    </ClInclude>
    <ClInclude Include="features\misc.h">
      <Filter>include\features</Filter>
    </ClInclude>
    <ClInclude Include="sdk\datatypes\utlstack.h">
      <Filter>include\sdk\datatypes</Filter>
    </ClInclude>
    <ClInclude Include="..\dependencies\imgui\imconfig.h">
      <Filter>dependencies\imgui</Filter>
    </ClInclude>
    <ClInclude Include="..\dependencies\imgui\imgui.h">
      <Filter>dependencies\imgui</Filter>
    </ClInclude>
    <ClInclude Include="..\dependencies\imgui\imgui_freetype.h">
      <Filter>dependencies\imgui</Filter>
    </ClInclude>
    <ClInclude Include="..\dependencies\imgui\imgui_internal.h">
      <Filter>dependencies\imgui</Filter>
    </ClInclude>
    <ClInclude Include="..\dependencies\imgui\imstb_rectpack.h">
      <Filter>dependencies\imgui</Filter>
    </ClInclude>
    <ClInclude Include="..\dependencies\imgui\imstb_textedit.h">
      <Filter>dependencies\imgui</Filter>
    </ClInclude>
    <ClInclude Include="..\dependencies\imgui\imstb_truetype.h">
      <Filter>dependencies\imgui</Filter>
    </ClInclude>
    <ClInclude Include="..\dependencies\imgui\win32\imgui_impl_win32.h">
      <Filter>dependencies\imgui\win32</Filter>
    </ClInclude>
    <ClInclude Include="..\dependencies\imgui\dx9\imgui_impl_dx9.h">
      <Filter>dependencies\imgui\dx9</Filter>
    </ClInclude>
    <ClInclude Include="..\dependencies\imgui\cpp\imgui_stdlib.h">
      <Filter>dependencies\imgui\cpp</Filter>
    </ClInclude>
    <ClInclude Include="..\dependencies\minhook\buffer.h">
      <Filter>dependencies\minhook</Filter>
    </ClInclude>
    <ClInclude Include="..\dependencies\minhook\minhook.h">
      <Filter>dependencies\minhook</Filter>
    </ClInclude>
    <ClInclude Include="..\dependencies\minhook\trampoline.h">
      <Filter>dependencies\minhook</Filter>
    </ClInclude>
    <ClInclude Include="..\dependencies\minhook\hde\hde32.h">
      <Filter>dependencies\minhook\hde32</Filter>
    </ClInclude>
    <ClInclude Include="..\dependencies\minhook\hde\hde64.h">
      <Filter>dependencies\minhook\hde32</Filter>
    </ClInclude>
    <ClInclude Include="..\dependencies\minhook\hde\pstdint.h">
      <Filter>dependencies\minhook\hde32</Filter>
    </ClInclude>
    <ClInclude Include="..\dependencies\minhook\hde\table32.h">
      <Filter>dependencies\minhook\hde32</Filter>
    </ClInclude>
    <ClInclude Include="..\dependencies\minhook\hde\table64.h">
      <Filter>dependencies\minhook\hde32</Filter>
    </ClInclude>
    <ClInclude Include="utilities\detourhook.h">
      <Filter>include\utilities</Filter>
    </ClInclude>
    <ClInclude Include="sdk\interfaces\igametypes.h">
      <Filter>include\sdk\interfaces</Filter>
    </ClInclude>
    <ClInclude Include="sdk\studio.h">
      <Filter>include\sdk</Filter>
    </ClInclude>
    <ClInclude Include="sdk\interfaces\iglobalvars.h">
      <Filter>include\sdk\interfaces</Filter>
    </ClInclude>
    <ClInclude Include="sdk\interfaces\imaterial.h">
      <Filter>include\sdk\interfaces</Filter>
    </ClInclude>
    <ClInclude Include="sdk\interfaces\iviewrender.h">
      <Filter>include\sdk\interfaces</Filter>
    </ClInclude>
    <ClInclude Include="pch.h">
      <Filter>include</Filter>
    </ClInclude>
  </ItemGroup>
  <ItemGroup>
    <ClCompile Include="features\antiaim.cpp">
      <Filter>source\features</Filter>
    </ClCompile>
    <ClCompile Include="features\lagcompensation.cpp">
      <Filter>source\features</Filter>
    </ClCompile>
    <ClCompile Include="features\legitbot.cpp">
      <Filter>source\features</Filter>
    </ClCompile>
    <ClCompile Include="features\ragebot.cpp">
      <Filter>source\features</Filter>
    </ClCompile>
    <ClCompile Include="features\resolver.cpp">
      <Filter>source\features</Filter>
    </ClCompile>
    <ClCompile Include="features\skinchanger.cpp">
      <Filter>source\features</Filter>
    </ClCompile>
    <ClCompile Include="features\triggerbot.cpp">
      <Filter>source\features</Filter>
    </ClCompile>
    <ClCompile Include="features\visuals.cpp">
      <Filter>source\features</Filter>
    </ClCompile>
    <ClCompile Include="core\hooks.cpp">
      <Filter>source\core</Filter>
    </ClCompile>
    <ClCompile Include="core\interfaces.cpp">
      <Filter>source\core</Filter>
    </ClCompile>
    <ClCompile Include="core\menu.cpp">
      <Filter>source\core</Filter>
    </ClCompile>
    <ClCompile Include="sdk\entity.cpp">
      <Filter>source\sdk</Filter>
    </ClCompile>
    <ClCompile Include="utilities\draw.cpp">
      <Filter>source\utilities</Filter>
    </ClCompile>
    <ClCompile Include="utilities\eventlistener.cpp">
      <Filter>source\utilities</Filter>
    </ClCompile>
    <ClCompile Include="utilities\math.cpp">
      <Filter>source\utilities</Filter>
    </ClCompile>
    <ClCompile Include="features\autowall.cpp">
      <Filter>source\features</Filter>
    </ClCompile>
    <ClCompile Include="utilities.cpp">
      <Filter>source</Filter>
    </ClCompile>
    <ClCompile Include="sdk\hash\crc32.cpp">
      <Filter>source\sdk\hash</Filter>
    </ClCompile>
    <ClCompile Include="sdk\hash\md5.cpp">
      <Filter>source\sdk\hash</Filter>
    </ClCompile>
    <ClCompile Include="sdk\convar.cpp">
      <Filter>source\sdk</Filter>
    </ClCompile>
    <ClCompile Include="main.cpp">
      <Filter>source</Filter>
    </ClCompile>
    <ClCompile Include="utilities\logging.cpp">
      <Filter>source\utilities</Filter>
    </ClCompile>
    <ClCompile Include="utilities\inputsystem.cpp">
      <Filter>source\utilities</Filter>
    </ClCompile>
    <ClCompile Include="utilities\entitylistener.cpp">
      <Filter>source\utilities</Filter>
    </ClCompile>
    <ClCompile Include="core\config.cpp">
      <Filter>source\core</Filter>
    </ClCompile>
    <ClCompile Include="utilities\memory.cpp">
      <Filter>source\utilities</Filter>
    </ClCompile>
    <ClCompile Include="core\netvar.cpp">
      <Filter>source\core</Filter>
    </ClCompile>
    <ClCompile Include="features\prediction.cpp">
      <Filter>source\features</Filter>
    </ClCompile>
    <ClCompile Include="features\misc.cpp">
      <Filter>source\features</Filter>
    </ClCompile>
    <ClCompile Include="..\dependencies\imgui\imgui.cpp">
      <Filter>dependencies\imgui</Filter>
    </ClCompile>
    <ClCompile Include="..\dependencies\imgui\imgui_draw.cpp">
      <Filter>dependencies\imgui</Filter>
    </ClCompile>
    <ClCompile Include="..\dependencies\imgui\imgui_freetype.cpp">
      <Filter>dependencies\imgui</Filter>
    </ClCompile>
    <ClCompile Include="..\dependencies\imgui\imgui_widgets.cpp">
      <Filter>dependencies\imgui</Filter>
    </ClCompile>
    <ClCompile Include="..\dependencies\imgui\win32\imgui_impl_win32.cpp">
      <Filter>dependencies\imgui\win32</Filter>
    </ClCompile>
    <ClCompile Include="..\dependencies\imgui\dx9\imgui_impl_dx9.cpp">
      <Filter>dependencies\imgui\dx9</Filter>
    </ClCompile>
    <ClCompile Include="..\dependencies\imgui\cpp\imgui_stdlib.cpp">
      <Filter>dependencies\imgui\cpp</Filter>
    </ClCompile>
    <ClCompile Include="..\dependencies\minhook\buffer.c">
      <Filter>dependencies\minhook</Filter>
    </ClCompile>
    <ClCompile Include="..\dependencies\minhook\hook.c">
      <Filter>dependencies\minhook</Filter>
    </ClCompile>
    <ClCompile Include="..\dependencies\minhook\trampoline.c">
      <Filter>dependencies\minhook</Filter>
    </ClCompile>
    <ClCompile Include="..\dependencies\minhook\hde\hde32.c">
      <Filter>dependencies\minhook\hde32</Filter>
    </ClCompile>
    <ClCompile Include="..\dependencies\minhook\hde\hde64.c">
      <Filter>dependencies\minhook\hde32</Filter>
    </ClCompile>
    <ClCompile Include="pch.cpp">
      <Filter>source</Filter>
    </ClCompile>
    <ClCompile Include="pchc.c">
      <Filter>source</Filter>
    </ClCompile>
  </ItemGroup>
</Project>